
Microsoft Visual Studio Solution File, Format Version 12.00
# Visual Studio Version 17
VisualStudioVersion = 17.8.34525.116
MinimumVisualStudioVersion = 10.0.40219.1
Project("{FAE04EC0-301F-11D3-BF4B-00C04F79EFBC}") = "Sem3_Practic3", "Sem3_Practic3\Sem3_Practic3.csproj", "{D8B53A91-6E59-4E0E-9703-F122FEBAF796}"
EndProject
Global
	GlobalSection(SolutionConfigurationPlatforms) = preSolution
		Debug|Any CPU = Debug|Any CPU
		Release|Any CPU = Release|Any CPU
	EndGlobalSection
	GlobalSection(ProjectConfigurationPlatforms) = postSolution
		{D8B53A91-6E59-4E0E-9703-F122FEBAF796}.Debug|Any CPU.ActiveCfg = Debug|Any CPU
		{D8B53A91-6E59-4E0E-9703-F122FEBAF796}.Debug|Any CPU.Build.0 = Debug|Any CPU
		{D8B53A91-6E59-4E0E-9703-F122FEBAF796}.Release|Any CPU.ActiveCfg = Release|Any CPU
		{D8B53A91-6E59-4E0E-9703-F122FEBAF796}.Release|Any CPU.Build.0 = Release|Any CPU
	EndGlobalSection
	GlobalSection(SolutionProperties) = preSolution
		HideSolutionNode = FALSE
	EndGlobalSection
	GlobalSection(ExtensibilityGlobals) = postSolution
		SolutionGuid = {F5209875-B2F7-400B-B1CA-CFBDB6192BB3}
	EndGlobalSection
EndGlobal
